# This file is generated by running "yarn install" inside your project.
# Manual changes might be lost - proceed with caution!

__metadata:
  version: 8
  cacheKey: 10c0

"a@workspace:packages/a":
  version: 0.0.0-use.local
  resolution: "a@workspace:packages/a"
  languageName: unknown
  linkType: soft

"b@workspace:packages/b":
  version: 0.0.0-use.local
  resolution: "b@workspace:packages/b"
  languageName: unknown
  linkType: soft

"frontend@workspace:.":
  version: 0.0.0-use.local
  resolution: "frontend@workspace:."
  languageName: unknown
  linkType: soft
